
Microsoft Visual Studio Solution File, Format Version 12.00
# Visual Studio Version 17
VisualStudioVersion = 17.9.34728.123
MinimumVisualStudioVersion = 10.0.40219.1
Project("{9A19103F-16F7-4668-BE54-9A1E7A4F7556}") = "GameStore.Frontend", "GameStore.Frontend\GameStore.Frontend.csproj", "{55246880-139A-4AAD-AD1E-C0DA4DC420C0}"
EndProject
Global
	GlobalSection(SolutionConfigurationPlatforms) = preSolution
		Debug|Any CPU = Debug|Any CPU
		Release|Any CPU = Release|Any CPU
	EndGlobalSection
	GlobalSection(ProjectConfigurationPlatforms) = postSolution
		{55246880-139A-4AAD-AD1E-C0DA4DC420C0}.Debug|Any CPU.ActiveCfg = Debug|Any CPU
		{55246880-139A-4AAD-AD1E-C0DA4DC420C0}.Debug|Any CPU.Build.0 = Debug|Any CPU
		{55246880-139A-4AAD-AD1E-C0DA4DC420C0}.Release|Any CPU.ActiveCfg = Release|Any CPU
		{55246880-139A-4AAD-AD1E-C0DA4DC420C0}.Release|Any CPU.Build.0 = Release|Any CPU
	EndGlobalSection
	GlobalSection(SolutionProperties) = preSolution
		HideSolutionNode = FALSE
	EndGlobalSection
	GlobalSection(ExtensibilityGlobals) = postSolution
		SolutionGuid = {B52CD7FA-4479-491D-A253-B58CC21CA7AA}
	EndGlobalSection
EndGlobal
